# Generated by pub
# See http://pub.dartlang.org/doc/glossary.html#lockfile
packages:
  browser:
    description: browser
    source: hosted
    version: "0.6.17+2"
  enjine:
    description:
      ref: null
      resolved-ref: c6a828bef0ff85f17b753d7bc942210b5f82f976
      url: "https://github.com/AshamedMunchkin/Enjine.Dart.git"
    source: git
    version: "0.0.0"
  meta:
    description: meta
    source: hosted
    version: "0.6.17+2"
