# Generated by pub
# See http://pub.dartlang.org/doc/glossary.html#lockfile
packages:
  browser:
    description: browser
    source: hosted
    version: "0.6.13"
  enjine:
    description:
      ref: null
      resolved-ref: "1518ea128a4bc3b17c304990a7975715db9306e6"
      url: "https://github.com/AshamedMunchkin/Enjine.Dart.git"
    source: git
    version: "0.0.0"
  meta:
    description: meta
    source: hosted
    version: "0.6.13"
